
Microsoft Visual Studio Solution File, Format Version 12.00
# Visual Studio Version 17
VisualStudioVersion = 17.0.31903.59
MinimumVisualStudioVersion = 10.0.40219.1
Project("{9A19103F-16F7-4668-BE54-9A1E7A4F7556}") = "App", "src\App\App.csproj", "{C6342B0D-50DF-4144-9810-11AF17016D8C}"
EndProject
Project("{9A19103F-16F7-4668-BE54-9A1E7A4F7556}") = "Tests", "test\Tests\Tests.csproj", "{E6427699-DE59-40CD-B760-FC202534D84A}"
EndProject
Project("{2150E333-8FDC-42A3-9474-1A3956D46DE8}") = "Solution Items", "Solution Items", "{A676FAD4-DFCC-4202-B317-E75458A3FA82}"
	ProjectSection(SolutionItems) = preProject
		README.md = README.md
		.github\workflows\ci.yml = .github\workflows\ci.yml
	EndProjectSection
EndProject
Global
	GlobalSection(SolutionConfigurationPlatforms) = preSolution
		Debug|Any CPU = Debug|Any CPU
		Release|Any CPU = Release|Any CPU
	EndGlobalSection
	GlobalSection(ProjectConfigurationPlatforms) = postSolution
		{C6342B0D-50DF-4144-9810-11AF17016D8C}.Debug|Any CPU.ActiveCfg = Debug|Any CPU
		{C6342B0D-50DF-4144-9810-11AF17016D8C}.Debug|Any CPU.Build.0 = Debug|Any CPU
		{C6342B0D-50DF-4144-9810-11AF17016D8C}.Release|Any CPU.ActiveCfg = Release|Any CPU
		{C6342B0D-50DF-4144-9810-11AF17016D8C}.Release|Any CPU.Build.0 = Release|Any CPU
		{E6427699-DE59-40CD-B760-FC202534D84A}.Debug|Any CPU.ActiveCfg = Debug|Any CPU
		{E6427699-DE59-40CD-B760-FC202534D84A}.Debug|Any CPU.Build.0 = Debug|Any CPU
		{E6427699-DE59-40CD-B760-FC202534D84A}.Release|Any CPU.ActiveCfg = Release|Any CPU
		{E6427699-DE59-40CD-B760-FC202534D84A}.Release|Any CPU.Build.0 = Release|Any CPU
	EndGlobalSection
	GlobalSection(SolutionProperties) = preSolution
		HideSolutionNode = FALSE
	EndGlobalSection
EndGlobal
